
Microsoft Visual Studio Solution File, Format Version 12.00
# Visual Studio Version 17
VisualStudioVersion = 17.11.35327.3
MinimumVisualStudioVersion = 10.0.40219.1
Project("{FAE04EC0-301F-11D3-BF4B-00C04F79EFBC}") = "WFNovo", "WFNovo\WFNovo.csproj", "{F1BE9E66-6031-44E2-BA9F-A14F33C85C98}"
EndProject
Global
	GlobalSection(SolutionConfigurationPlatforms) = preSolution
		Debug|Any CPU = Debug|Any CPU
		Release|Any CPU = Release|Any CPU
	EndGlobalSection
	GlobalSection(ProjectConfigurationPlatforms) = postSolution
		{F1BE9E66-6031-44E2-BA9F-A14F33C85C98}.Debug|Any CPU.ActiveCfg = Debug|Any CPU
		{F1BE9E66-6031-44E2-BA9F-A14F33C85C98}.Debug|Any CPU.Build.0 = Debug|Any CPU
		{F1BE9E66-6031-44E2-BA9F-A14F33C85C98}.Release|Any CPU.ActiveCfg = Release|Any CPU
		{F1BE9E66-6031-44E2-BA9F-A14F33C85C98}.Release|Any CPU.Build.0 = Release|Any CPU
	EndGlobalSection
	GlobalSection(SolutionProperties) = preSolution
		HideSolutionNode = FALSE
	EndGlobalSection
	GlobalSection(ExtensibilityGlobals) = postSolution
		SolutionGuid = {C0CE9D7E-4E50-4979-927E-E6817B799398}
	EndGlobalSection
EndGlobal
